{
  "name": "ravan-infra-x-ultra",
  "version": "3.0.0",
  "lockfileVersion": 3,
  "requires": true,
  "packages": {
    "": {
      "name": "ravan-infra-x-ultra",
      "version": "3.0.0",
      "dependencies": {
        "ipwhois": "^1.0.3"
      }
    },
    "node_modules/ipwhois": {
      "version": "1.0.3",
      "resolved": "https://registry.npmjs.org/ipwhois/-/ipwhois-1.0.3.tgz",
      "integrity": "sha512-RKedY8Mn68W0nCgQsxLsq5kPE3/eQFUyiFemeqKQx24IXLi9/evcOkB0OO3+6OnACh75hJF8s3ZT64LXz9Jgbw==",
      "license": "MIT",
      "engines": {
        "node": ">=22.0.0"
      }
    }
  }
}
